PODS:
  - Alamofire (4.7.3)
  - AlamofireImage (3.4.1):
    - Alamofire (~> 4.7)
  - CodableAlamofire (1.1.0):
    - Alamofire (~> 4.0)
  - KeychainAccess (3.1.1)
  - RSReactiveRequest (0.0.1):
    - Alamofire
    - AlamofireImage
    - CodableAlamofire
    - KeychainAccess
    - RxSwift
  - RxSwift (4.3.1)

DEPENDENCIES:
  - RSReactiveRequest (from `../`)

SPEC REPOS:
  https://github.com/cocoapods/specs.git:
    - Alamofire
    - AlamofireImage
    - CodableAlamofire
    - KeychainAccess
    - RxSwift

EXTERNAL SOURCES:
  RSReactiveRequest:
    :path: "../"

SPEC CHECKSUMS:
  Alamofire: c7287b6e5d7da964a70935e5db17046b7fde6568
  AlamofireImage: 78d67ccbb763d87ba44b21583d2153500a195630
  CodableAlamofire: e2d2edcec7cf413f7862c30c8fa98eded27a83f9
  KeychainAccess: 7bd430028059754a3debab3cfc0bd1fc7fb85df3
  RSReactiveRequest: 1b86009a145ee517990b4d899f66cf6936ca85ef
  RxSwift: fe0fd770a43acdb7d0a53da411c9b892e69bb6e4

PODFILE CHECKSUM: e073d4bdcbf8d10af529ac7b4dc20db781577b6c

COCOAPODS: 1.5.3
