PODS:
  - Alamofire (4.8.1)
  - AlamofireImage (3.5.0):
    - Alamofire (~> 4.8)
  - CodableAlamofire (1.1.1):
    - Alamofire (~> 4.0)
  - RSReactiveRequest (1.0.0):
    - Alamofire
    - AlamofireImage
    - CodableAlamofire
    - RxSwift
  - RxAtomic (4.4.1)
  - RxSwift (4.4.1):
    - RxAtomic (~> 4.4)

DEPENDENCIES:
  - RSReactiveRequest (from `../`)

SPEC REPOS:
  https://github.com/cocoapods/specs.git:
    - Alamofire
    - AlamofireImage
    - CodableAlamofire
    - RxAtomic
    - RxSwift

EXTERNAL SOURCES:
  RSReactiveRequest:
    :path: "../"

SPEC CHECKSUMS:
  Alamofire: 16ce2c353fb72865124ddae8a57c5942388f4f11
  AlamofireImage: 1aea346f4dda2f6c67622fa5a89fcbb80d79cc16
  CodableAlamofire: b587c1198562824abb1f468aed34feb00d6cecd8
  RSReactiveRequest: 448f86d9b998494848e798a708f17ff9276e925e
  RxAtomic: f8d6adc1ccb87a767811269e4875887bc74dbf19
  RxSwift: 92fcf68dfef21f3e2ab1965363d9e7b3d787597e

PODFILE CHECKSUM: e073d4bdcbf8d10af529ac7b4dc20db781577b6c

COCOAPODS: 1.5.3
